
Microsoft Visual Studio Solution File, Format Version 12.00
# Visual Studio 15
VisualStudioVersion = 15.0.28307.1082
MinimumVisualStudioVersion = 10.0.40219.1
Project("{FAE04EC0-301F-11D3-BF4B-00C04F79EFBC}") = "Ps4-Pkg-Sender", "Ps4-Pkg-Sender\Ps4-Pkg-Sender.csproj", "{184D45C2-8351-4B71-911E-A23A3B7A8FC9}"
EndProject
Global
	GlobalSection(SolutionConfigurationPlatforms) = preSolution
		Debug|Any CPU = Debug|Any CPU
		Release|Any CPU = Release|Any CPU
	EndGlobalSection
	GlobalSection(ProjectConfigurationPlatforms) = postSolution
		{184D45C2-8351-4B71-911E-A23A3B7A8FC9}.Debug|Any CPU.ActiveCfg = Debug|Any CPU
		{184D45C2-8351-4B71-911E-A23A3B7A8FC9}.Debug|Any CPU.Build.0 = Debug|Any CPU
		{184D45C2-8351-4B71-911E-A23A3B7A8FC9}.Release|Any CPU.ActiveCfg = Release|Any CPU
		{184D45C2-8351-4B71-911E-A23A3B7A8FC9}.Release|Any CPU.Build.0 = Release|Any CPU
	EndGlobalSection
	GlobalSection(SolutionProperties) = preSolution
		HideSolutionNode = FALSE
	EndGlobalSection
	GlobalSection(ExtensibilityGlobals) = postSolution
		SolutionGuid = {184ABA3E-0D71-43FD-BDBC-C200A56A77D4}
	EndGlobalSection
EndGlobal
